
Microsoft Visual Studio Solution File, Format Version 12.00
# Visual Studio Version 17
VisualStudioVersion = 17.7.34202.233
MinimumVisualStudioVersion = 10.0.40219.1
Project("{FAE04EC0-301F-11D3-BF4B-00C04F79EFBC}") = "FSDProject.Server", "FSDProject\Server\FSDProject.Server.csproj", "{BD25FAD6-36CA-472C-9EFA-13C6E6F36B51}"
EndProject
Project("{FAE04EC0-301F-11D3-BF4B-00C04F79EFBC}") = "FSDProject.Client", "FSDProject\Client\FSDProject.Client.csproj", "{EF21510B-6D10-435C-AFD4-8E981305B938}"
EndProject
Project("{FAE04EC0-301F-11D3-BF4B-00C04F79EFBC}") = "FSDProject.Shared", "FSDProject\Shared\FSDProject.Shared.csproj", "{B40F5964-5C88-431A-A140-4E0997FC30A9}"
EndProject
Global
	GlobalSection(SolutionConfigurationPlatforms) = preSolution
		Debug|Any CPU = Debug|Any CPU
		Release|Any CPU = Release|Any CPU
	EndGlobalSection
	GlobalSection(ProjectConfigurationPlatforms) = postSolution
		{BD25FAD6-36CA-472C-9EFA-13C6E6F36B51}.Debug|Any CPU.ActiveCfg = Debug|Any CPU
		{BD25FAD6-36CA-472C-9EFA-13C6E6F36B51}.Debug|Any CPU.Build.0 = Debug|Any CPU
		{BD25FAD6-36CA-472C-9EFA-13C6E6F36B51}.Release|Any CPU.ActiveCfg = Release|Any CPU
		{BD25FAD6-36CA-472C-9EFA-13C6E6F36B51}.Release|Any CPU.Build.0 = Release|Any CPU
		{EF21510B-6D10-435C-AFD4-8E981305B938}.Debug|Any CPU.ActiveCfg = Debug|Any CPU
		{EF21510B-6D10-435C-AFD4-8E981305B938}.Debug|Any CPU.Build.0 = Debug|Any CPU
		{EF21510B-6D10-435C-AFD4-8E981305B938}.Release|Any CPU.ActiveCfg = Release|Any CPU
		{EF21510B-6D10-435C-AFD4-8E981305B938}.Release|Any CPU.Build.0 = Release|Any CPU
		{B40F5964-5C88-431A-A140-4E0997FC30A9}.Debug|Any CPU.ActiveCfg = Debug|Any CPU
		{B40F5964-5C88-431A-A140-4E0997FC30A9}.Debug|Any CPU.Build.0 = Debug|Any CPU
		{B40F5964-5C88-431A-A140-4E0997FC30A9}.Release|Any CPU.ActiveCfg = Release|Any CPU
		{B40F5964-5C88-431A-A140-4E0997FC30A9}.Release|Any CPU.Build.0 = Release|Any CPU
	EndGlobalSection
	GlobalSection(SolutionProperties) = preSolution
		HideSolutionNode = FALSE
	EndGlobalSection
	GlobalSection(ExtensibilityGlobals) = postSolution
		SolutionGuid = {369BF675-F296-4EEF-831B-19707633706D}
	EndGlobalSection
EndGlobal
